
Microsoft Visual Studio Solution File, Format Version 12.00
# Visual Studio 14
VisualStudioVersion = 14.0.25420.1
MinimumVisualStudioVersion = 10.0.40219.1
Project("{8BC9CEB8-8B4A-11D0-8D11-00A0C91BC942}") = "Project_09_05", "Project_09_05\Project_09_05.vcxproj", "{4A834989-8C3D-49D7-9BB3-3E5EA420A825}"
EndProject
Project("{8BC9CEB8-8B4A-11D0-8D11-00A0C91BC942}") = "Project_09_05_stl", "Project_09_05_stl\Project_09_05_stl.vcxproj", "{D436206B-914E-451F-8828-4C9D2D5483ED}"
EndProject
Global
	GlobalSection(SolutionConfigurationPlatforms) = preSolution
		Debug|x64 = Debug|x64
		Debug|x86 = Debug|x86
		Release|x64 = Release|x64
		Release|x86 = Release|x86
	EndGlobalSection
	GlobalSection(ProjectConfigurationPlatforms) = postSolution
		{4A834989-8C3D-49D7-9BB3-3E5EA420A825}.Debug|x64.ActiveCfg = Debug|x64
		{4A834989-8C3D-49D7-9BB3-3E5EA420A825}.Debug|x64.Build.0 = Debug|x64
		{4A834989-8C3D-49D7-9BB3-3E5EA420A825}.Debug|x86.ActiveCfg = Debug|Win32
		{4A834989-8C3D-49D7-9BB3-3E5EA420A825}.Debug|x86.Build.0 = Debug|Win32
		{4A834989-8C3D-49D7-9BB3-3E5EA420A825}.Release|x64.ActiveCfg = Release|x64
		{4A834989-8C3D-49D7-9BB3-3E5EA420A825}.Release|x64.Build.0 = Release|x64
		{4A834989-8C3D-49D7-9BB3-3E5EA420A825}.Release|x86.ActiveCfg = Release|Win32
		{4A834989-8C3D-49D7-9BB3-3E5EA420A825}.Release|x86.Build.0 = Release|Win32
		{D436206B-914E-451F-8828-4C9D2D5483ED}.Debug|x64.ActiveCfg = Debug|x64
		{D436206B-914E-451F-8828-4C9D2D5483ED}.Debug|x64.Build.0 = Debug|x64
		{D436206B-914E-451F-8828-4C9D2D5483ED}.Debug|x86.ActiveCfg = Debug|Win32
		{D436206B-914E-451F-8828-4C9D2D5483ED}.Debug|x86.Build.0 = Debug|Win32
		{D436206B-914E-451F-8828-4C9D2D5483ED}.Release|x64.ActiveCfg = Release|x64
		{D436206B-914E-451F-8828-4C9D2D5483ED}.Release|x64.Build.0 = Release|x64
		{D436206B-914E-451F-8828-4C9D2D5483ED}.Release|x86.ActiveCfg = Release|Win32
		{D436206B-914E-451F-8828-4C9D2D5483ED}.Release|x86.Build.0 = Release|Win32
	EndGlobalSection
	GlobalSection(SolutionProperties) = preSolution
		HideSolutionNode = FALSE
	EndGlobalSection
EndGlobal
